
Microsoft Visual Studio Solution File, Format Version 12.00
# Visual Studio 15
VisualStudioVersion = 15.0.26403.7
MinimumVisualStudioVersion = 10.0.40219.1
Project("{FAE04EC0-301F-11D3-BF4B-00C04F79EFBC}") = "iLyncBookManage", "iLyncBookManage\iLyncBookManage.csproj", "{73D7E609-30DB-4D99-918F-AD04399B037A}"
EndProject
Project("{FAE04EC0-301F-11D3-BF4B-00C04F79EFBC}") = "DAL", "DAL\DAL.csproj", "{29913679-0B2A-448C-BFDC-1708332F2DA3}"
EndProject
Project("{FAE04EC0-301F-11D3-BF4B-00C04F79EFBC}") = "Models", "Models\Models.csproj", "{A2ADEFA2-AFC4-4BFD-8DCD-6842452A3D8E}"
EndProject
Project("{FAE04EC0-301F-11D3-BF4B-00C04F79EFBC}") = "Common", "Common\Common.csproj", "{BE95FB7C-135B-416F-BFCA-01ADB47CF5DD}"
EndProject
Project("{FAE04EC0-301F-11D3-BF4B-00C04F79EFBC}") = "DBUtility", "DBUtility\DBUtility.csproj", "{8F0F437C-6A54-4F9C-804A-CDEEF6AB9AB3}"
EndProject
Global
	GlobalSection(SolutionConfigurationPlatforms) = preSolution
		Debug|Any CPU = Debug|Any CPU
		Release|Any CPU = Release|Any CPU
	EndGlobalSection
	GlobalSection(ProjectConfigurationPlatforms) = postSolution
		{73D7E609-30DB-4D99-918F-AD04399B037A}.Debug|Any CPU.ActiveCfg = Debug|Any CPU
		{73D7E609-30DB-4D99-918F-AD04399B037A}.Debug|Any CPU.Build.0 = Debug|Any CPU
		{73D7E609-30DB-4D99-918F-AD04399B037A}.Release|Any CPU.ActiveCfg = Release|Any CPU
		{73D7E609-30DB-4D99-918F-AD04399B037A}.Release|Any CPU.Build.0 = Release|Any CPU
		{29913679-0B2A-448C-BFDC-1708332F2DA3}.Debug|Any CPU.ActiveCfg = Debug|Any CPU
		{29913679-0B2A-448C-BFDC-1708332F2DA3}.Debug|Any CPU.Build.0 = Debug|Any CPU
		{29913679-0B2A-448C-BFDC-1708332F2DA3}.Release|Any CPU.ActiveCfg = Release|Any CPU
		{29913679-0B2A-448C-BFDC-1708332F2DA3}.Release|Any CPU.Build.0 = Release|Any CPU
		{A2ADEFA2-AFC4-4BFD-8DCD-6842452A3D8E}.Debug|Any CPU.ActiveCfg = Debug|Any CPU
		{A2ADEFA2-AFC4-4BFD-8DCD-6842452A3D8E}.Debug|Any CPU.Build.0 = Debug|Any CPU
		{A2ADEFA2-AFC4-4BFD-8DCD-6842452A3D8E}.Release|Any CPU.ActiveCfg = Release|Any CPU
		{A2ADEFA2-AFC4-4BFD-8DCD-6842452A3D8E}.Release|Any CPU.Build.0 = Release|Any CPU
		{BE95FB7C-135B-416F-BFCA-01ADB47CF5DD}.Debug|Any CPU.ActiveCfg = Debug|Any CPU
		{BE95FB7C-135B-416F-BFCA-01ADB47CF5DD}.Debug|Any CPU.Build.0 = Debug|Any CPU
		{BE95FB7C-135B-416F-BFCA-01ADB47CF5DD}.Release|Any CPU.ActiveCfg = Release|Any CPU
		{BE95FB7C-135B-416F-BFCA-01ADB47CF5DD}.Release|Any CPU.Build.0 = Release|Any CPU
		{8F0F437C-6A54-4F9C-804A-CDEEF6AB9AB3}.Debug|Any CPU.ActiveCfg = Debug|Any CPU
		{8F0F437C-6A54-4F9C-804A-CDEEF6AB9AB3}.Debug|Any CPU.Build.0 = Debug|Any CPU
		{8F0F437C-6A54-4F9C-804A-CDEEF6AB9AB3}.Release|Any CPU.ActiveCfg = Release|Any CPU
		{8F0F437C-6A54-4F9C-804A-CDEEF6AB9AB3}.Release|Any CPU.Build.0 = Release|Any CPU
	EndGlobalSection
	GlobalSection(SolutionProperties) = preSolution
		HideSolutionNode = FALSE
	EndGlobalSection
	GlobalSection(ExtensibilityGlobals) = postSolution
		SolutionGuid = {D3059F88-D1F8-4828-AFF4-E545F22B9EA9}
	EndGlobalSection
EndGlobal
